// !$*UTF8*$!
{
	archiveVersion = 1;
	classes = {
	};
	objectVersion = 50;
	objects = {

/* Begin PBXBuildFile section */
		5D5989C723FC85E0007C402A /* Debug.c in Sources */ = {isa = PBXBuildFile; fileRef = 5D5989C623FC85E0007C402A /* Debug.c */; };
		5D638CD423F6156E009F6476 /* Generater.c in Sources */ = {isa = PBXBuildFile; fileRef = 5D638CD323F6156E009F6476 /* Generater.c */; };
		5D80678323EA89660041EA5E /* main.c in Sources */ = {isa = PBXBuildFile; fileRef = 5D80678223EA89660041EA5E /* main.c */; };
		5D80678E23EA89990041EA5E /* Lexer.c in Sources */ = {isa = PBXBuildFile; fileRef = 5D80678923EA89990041EA5E /* Lexer.c */; };
		5DC338E724180DC9009A31C8 /* LexerMatchers.c in Sources */ = {isa = PBXBuildFile; fileRef = 5DC338E624180DC9009A31C8 /* LexerMatchers.c */; };
		5DEB8B5223EC9DB50018CFF5 /* Keywords.c in Sources */ = {isa = PBXBuildFile; fileRef = 5DEB8B5123EC9DB50018CFF5 /* Keywords.c */; };
		5DEB8B5523EE387E0018CFF5 /* Parser.c in Sources */ = {isa = PBXBuildFile; fileRef = 5DEB8B5423EE387E0018CFF5 /* Parser.c */; };
/* End PBXBuildFile section */

/* Begin PBXCopyFilesBuildPhase section */
		5D80677D23EA89660041EA5E /* CopyFiles */ = {
			isa = PBXCopyFilesBuildPhase;
			buildActionMask = 2147483647;
			dstPath = /usr/share/man/man1/;
			dstSubfolderSpec = 0;
			files = (
			);
			runOnlyForDeploymentPostprocessing = 1;
		};
/* End PBXCopyFilesBuildPhase section */

/* Begin PBXFileReference section */
		5D5989BA23FA6AFA007C402A /* Debug.h */ = {isa = PBXFileReference; lastKnownFileType = sourcecode.c.h; path = Debug.h; sourceTree = "<group>"; };
		5D5989C623FC85E0007C402A /* Debug.c */ = {isa = PBXFileReference; lastKnownFileType = sourcecode.c.c; path = Debug.c; sourceTree = "<group>"; };
		5D638CD223F6156E009F6476 /* Generater.h */ = {isa = PBXFileReference; lastKnownFileType = sourcecode.c.h; path = Generater.h; sourceTree = "<group>"; };
		5D638CD323F6156E009F6476 /* Generater.c */ = {isa = PBXFileReference; lastKnownFileType = sourcecode.c.c; path = Generater.c; sourceTree = "<group>"; };
		5D80677F23EA89660041EA5E /* blakecompiler */ = {isa = PBXFileReference; explicitFileType = "compiled.mach-o.executable"; includeInIndex = 0; path = blakecompiler; sourceTree = BUILT_PRODUCTS_DIR; };
		5D80678223EA89660041EA5E /* main.c */ = {isa = PBXFileReference; lastKnownFileType = sourcecode.c.c; path = main.c; sourceTree = "<group>"; };
		5D80678923EA89990041EA5E /* Lexer.c */ = {isa = PBXFileReference; fileEncoding = 4; lastKnownFileType = sourcecode.c.c; path = Lexer.c; sourceTree = "<group>"; };
		5D80678C23EA89990041EA5E /* return2.c */ = {isa = PBXFileReference; fileEncoding = 4; lastKnownFileType = sourcecode.c.c; path = return2.c; sourceTree = "<group>"; };
		5D80678D23EA89990041EA5E /* Lexer.h */ = {isa = PBXFileReference; fileEncoding = 4; lastKnownFileType = sourcecode.c.h; path = Lexer.h; sourceTree = "<group>"; };
		5DB2489523EB637100551FD7 /* stage0.c */ = {isa = PBXFileReference; lastKnownFileType = sourcecode.c.c; path = stage0.c; sourceTree = "<group>"; };
		5DC338E524180DC9009A31C8 /* LexerMatchers.h */ = {isa = PBXFileReference; lastKnownFileType = sourcecode.c.h; path = LexerMatchers.h; sourceTree = "<group>"; };
		5DC338E624180DC9009A31C8 /* LexerMatchers.c */ = {isa = PBXFileReference; lastKnownFileType = sourcecode.c.c; path = LexerMatchers.c; sourceTree = "<group>"; };
		5DEB8B5023EC9DB50018CFF5 /* Keywords.h */ = {isa = PBXFileReference; lastKnownFileType = sourcecode.c.h; path = Keywords.h; sourceTree = "<group>"; };
		5DEB8B5123EC9DB50018CFF5 /* Keywords.c */ = {isa = PBXFileReference; lastKnownFileType = sourcecode.c.c; path = Keywords.c; sourceTree = "<group>"; };
		5DEB8B5323EE387E0018CFF5 /* Parser.h */ = {isa = PBXFileReference; lastKnownFileType = sourcecode.c.h; path = Parser.h; sourceTree = "<group>"; };
		5DEB8B5423EE387E0018CFF5 /* Parser.c */ = {isa = PBXFileReference; lastKnownFileType = sourcecode.c.c; path = Parser.c; sourceTree = "<group>"; };
/* End PBXFileReference section */

/* Begin PBXFrameworksBuildPhase section */
		5D80677C23EA89660041EA5E /* Frameworks */ = {
			isa = PBXFrameworksBuildPhase;
			buildActionMask = 2147483647;
			files = (
			);
			runOnlyForDeploymentPostprocessing = 0;
		};
/* End PBXFrameworksBuildPhase section */

/* Begin PBXGroup section */
		5D80677623EA89660041EA5E = {
			isa = PBXGroup;
			children = (
				5D80678123EA89660041EA5E /* blakecompiler */,
				5D80678023EA89660041EA5E /* Products */,
			);
			sourceTree = "<group>";
		};
		5D80678023EA89660041EA5E /* Products */ = {
			isa = PBXGroup;
			children = (
				5D80677F23EA89660041EA5E /* blakecompiler */,
			);
			name = Products;
			sourceTree = "<group>";
		};
		5D80678123EA89660041EA5E /* blakecompiler */ = {
			isa = PBXGroup;
			children = (
				5D5989C623FC85E0007C402A /* Debug.c */,
				5D5989BA23FA6AFA007C402A /* Debug.h */,
				5DC338E924180F78009A31C8 /* Generator */,
				5DC338E424180D80009A31C8 /* Lexer */,
				5D80678223EA89660041EA5E /* main.c */,
				5DC338E824180F02009A31C8 /* Parser */,
				5DB2489323EB635800551FD7 /* Test Inputs */,
			);
			path = blakecompiler;
			sourceTree = "<group>";
		};
		5DB2489323EB635800551FD7 /* Test Inputs */ = {
			isa = PBXGroup;
			children = (
				5D80678C23EA89990041EA5E /* return2.c */,
				5DB2489523EB637100551FD7 /* stage0.c */,
			);
			name = "Test Inputs";
			path = tests;
			sourceTree = "<group>";
		};
		5DC338E424180D80009A31C8 /* Lexer */ = {
			isa = PBXGroup;
			children = (
				5DEB8B5123EC9DB50018CFF5 /* Keywords.c */,
				5DEB8B5023EC9DB50018CFF5 /* Keywords.h */,
				5D80678923EA89990041EA5E /* Lexer.c */,
				5D80678D23EA89990041EA5E /* Lexer.h */,
				5DC338E624180DC9009A31C8 /* LexerMatchers.c */,
				5DC338E524180DC9009A31C8 /* LexerMatchers.h */,
			);
			path = Lexer;
			sourceTree = "<group>";
		};
		5DC338E824180F02009A31C8 /* Parser */ = {
			isa = PBXGroup;
			children = (
				5DEB8B5423EE387E0018CFF5 /* Parser.c */,
				5DEB8B5323EE387E0018CFF5 /* Parser.h */,
			);
			path = Parser;
			sourceTree = "<group>";
		};
		5DC338E924180F78009A31C8 /* Generator */ = {
			isa = PBXGroup;
			children = (
				5D638CD323F6156E009F6476 /* Generater.c */,
				5D638CD223F6156E009F6476 /* Generater.h */,
			);
			path = Generator;
			sourceTree = "<group>";
		};
/* End PBXGroup section */

/* Begin PBXNativeTarget section */
		5D80677E23EA89660041EA5E /* blakecompiler */ = {
			isa = PBXNativeTarget;
			buildConfigurationList = 5D80678623EA89660041EA5E /* Build configuration list for PBXNativeTarget "blakecompiler" */;
			buildPhases = (
				5D80677B23EA89660041EA5E /* Sources */,
				5D80677C23EA89660041EA5E /* Frameworks */,
				5D80677D23EA89660041EA5E /* CopyFiles */,
			);
			buildRules = (
			);
			dependencies = (
			);
			name = blakecompiler;
			productName = blakecompiler;
			productReference = 5D80677F23EA89660041EA5E /* blakecompiler */;
			productType = "com.apple.product-type.tool";
		};
/* End PBXNativeTarget section */

/* Begin PBXProject section */
		5D80677723EA89660041EA5E /* Project object */ = {
			isa = PBXProject;
			attributes = {
				LastUpgradeCheck = 1130;
				ORGANIZATIONNAME = "Blake Lucchesi";
				TargetAttributes = {
					5D80677E23EA89660041EA5E = {
						CreatedOnToolsVersion = 11.3.1;
					};
				};
			};
			buildConfigurationList = 5D80677A23EA89660041EA5E /* Build configuration list for PBXProject "blakecompiler" */;
			compatibilityVersion = "Xcode 9.3";
			developmentRegion = en;
			hasScannedForEncodings = 0;
			knownRegions = (
				en,
				Base,
			);
			mainGroup = 5D80677623EA89660041EA5E;
			productRefGroup = 5D80678023EA89660041EA5E /* Products */;
			projectDirPath = "";
			projectRoot = "";
			targets = (
				5D80677E23EA89660041EA5E /* blakecompiler */,
			);
		};
/* End PBXProject section */

/* Begin PBXSourcesBuildPhase section */
		5D80677B23EA89660041EA5E /* Sources */ = {
			isa = PBXSourcesBuildPhase;
			buildActionMask = 2147483647;
			files = (
				5D80678E23EA89990041EA5E /* Lexer.c in Sources */,
				5DEB8B5223EC9DB50018CFF5 /* Keywords.c in Sources */,
				5DC338E724180DC9009A31C8 /* LexerMatchers.c in Sources */,
				5D638CD423F6156E009F6476 /* Generater.c in Sources */,
				5D5989C723FC85E0007C402A /* Debug.c in Sources */,
				5DEB8B5523EE387E0018CFF5 /* Parser.c in Sources */,
				5D80678323EA89660041EA5E /* main.c in Sources */,
			);
			runOnlyForDeploymentPostprocessing = 0;
		};
/* End PBXSourcesBuildPhase section */

/* Begin XCBuildConfiguration section */
		5D80678423EA89660041EA5E /* Debug */ = {
			isa = XCBuildConfiguration;
			buildSettings = {
				ALWAYS_SEARCH_USER_PATHS = NO;
				CLANG_ANALYZER_NONNULL = YES;
				CLANG_ANALYZER_NUMBER_OBJECT_CONVERSION = YES_AGGRESSIVE;
				CLANG_CXX_LANGUAGE_STANDARD = "gnu++14";
				CLANG_CXX_LIBRARY = "libc++";
				CLANG_ENABLE_MODULES = YES;
				CLANG_ENABLE_OBJC_ARC = YES;
				CLANG_ENABLE_OBJC_WEAK = YES;
				CLANG_WARN_BLOCK_CAPTURE_AUTORELEASING = YES;
				CLANG_WARN_BOOL_CONVERSION = YES;
				CLANG_WARN_COMMA = YES;
				CLANG_WARN_CONSTANT_CONVERSION = YES;
				CLANG_WARN_DEPRECATED_OBJC_IMPLEMENTATIONS = YES;
				CLANG_WARN_DIRECT_OBJC_ISA_USAGE = YES_ERROR;
				CLANG_WARN_DOCUMENTATION_COMMENTS = YES;
				CLANG_WARN_EMPTY_BODY = YES;
				CLANG_WARN_ENUM_CONVERSION = YES;
				CLANG_WARN_INFINITE_RECURSION = YES;
				CLANG_WARN_INT_CONVERSION = YES;
				CLANG_WARN_NON_LITERAL_NULL_CONVERSION = YES;
				CLANG_WARN_OBJC_IMPLICIT_RETAIN_SELF = YES;
				CLANG_WARN_OBJC_LITERAL_CONVERSION = YES;
				CLANG_WARN_OBJC_ROOT_CLASS = YES_ERROR;
				CLANG_WARN_RANGE_LOOP_ANALYSIS = YES;
				CLANG_WARN_STRICT_PROTOTYPES = YES;
				CLANG_WARN_SUSPICIOUS_MOVE = YES;
				CLANG_WARN_UNGUARDED_AVAILABILITY = YES_AGGRESSIVE;
				CLANG_WARN_UNREACHABLE_CODE = YES;
				CLANG_WARN__DUPLICATE_METHOD_MATCH = YES;
				COPY_PHASE_STRIP = NO;
				DEBUG_INFORMATION_FORMAT = dwarf;
				ENABLE_STRICT_OBJC_MSGSEND = YES;
				ENABLE_TESTABILITY = YES;
				GCC_C_LANGUAGE_STANDARD = gnu11;
				GCC_DYNAMIC_NO_PIC = NO;
				GCC_NO_COMMON_BLOCKS = YES;
				GCC_OPTIMIZATION_LEVEL = 0;
				GCC_PREPROCESSOR_DEFINITIONS = (
					"DEBUG=1",
					"$(inherited)",
				);
				GCC_WARN_64_TO_32_BIT_CONVERSION = YES;
				GCC_WARN_ABOUT_RETURN_TYPE = YES_ERROR;
				GCC_WARN_UNDECLARED_SELECTOR = YES;
				GCC_WARN_UNINITIALIZED_AUTOS = YES_AGGRESSIVE;
				GCC_WARN_UNUSED_FUNCTION = YES;
				GCC_WARN_UNUSED_VARIABLE = YES;
				MACOSX_DEPLOYMENT_TARGET = 10.15;
				MTL_ENABLE_DEBUG_INFO = INCLUDE_SOURCE;
				MTL_FAST_MATH = YES;
				ONLY_ACTIVE_ARCH = YES;
				SDKROOT = macosx;
			};
			name = Debug;
		};
		5D80678523EA89660041EA5E /* Release */ = {
			isa = XCBuildConfiguration;
			buildSettings = {
				ALWAYS_SEARCH_USER_PATHS = NO;
				CLANG_ANALYZER_NONNULL = YES;
				CLANG_ANALYZER_NUMBER_OBJECT_CONVERSION = YES_AGGRESSIVE;
				CLANG_CXX_LANGUAGE_STANDARD = "gnu++14";
				CLANG_CXX_LIBRARY = "libc++";
				CLANG_ENABLE_MODULES = YES;
				CLANG_ENABLE_OBJC_ARC = YES;
				CLANG_ENABLE_OBJC_WEAK = YES;
				CLANG_WARN_BLOCK_CAPTURE_AUTORELEASING = YES;
				CLANG_WARN_BOOL_CONVERSION = YES;
				CLANG_WARN_COMMA = YES;
				CLANG_WARN_CONSTANT_CONVERSION = YES;
				CLANG_WARN_DEPRECATED_OBJC_IMPLEMENTATIONS = YES;
				CLANG_WARN_DIRECT_OBJC_ISA_USAGE = YES_ERROR;
				CLANG_WARN_DOCUMENTATION_COMMENTS = YES;
				CLANG_WARN_EMPTY_BODY = YES;
				CLANG_WARN_ENUM_CONVERSION = YES;
				CLANG_WARN_INFINITE_RECURSION = YES;
				CLANG_WARN_INT_CONVERSION = YES;
				CLANG_WARN_NON_LITERAL_NULL_CONVERSION = YES;
				CLANG_WARN_OBJC_IMPLICIT_RETAIN_SELF = YES;
				CLANG_WARN_OBJC_LITERAL_CONVERSION = YES;
				CLANG_WARN_OBJC_ROOT_CLASS = YES_ERROR;
				CLANG_WARN_RANGE_LOOP_ANALYSIS = YES;
				CLANG_WARN_STRICT_PROTOTYPES = YES;
				CLANG_WARN_SUSPICIOUS_MOVE = YES;
				CLANG_WARN_UNGUARDED_AVAILABILITY = YES_AGGRESSIVE;
				CLANG_WARN_UNREACHABLE_CODE = YES;
				CLANG_WARN__DUPLICATE_METHOD_MATCH = YES;
				COPY_PHASE_STRIP = NO;
				DEBUG_INFORMATION_FORMAT = "dwarf-with-dsym";
				ENABLE_NS_ASSERTIONS = NO;
				ENABLE_STRICT_OBJC_MSGSEND = YES;
				GCC_C_LANGUAGE_STANDARD = gnu11;
				GCC_NO_COMMON_BLOCKS = YES;
				GCC_WARN_64_TO_32_BIT_CONVERSION = YES;
				GCC_WARN_ABOUT_RETURN_TYPE = YES_ERROR;
				GCC_WARN_UNDECLARED_SELECTOR = YES;
				GCC_WARN_UNINITIALIZED_AUTOS = YES_AGGRESSIVE;
				GCC_WARN_UNUSED_FUNCTION = YES;
				GCC_WARN_UNUSED_VARIABLE = YES;
				MACOSX_DEPLOYMENT_TARGET = 10.15;
				MTL_ENABLE_DEBUG_INFO = NO;
				MTL_FAST_MATH = YES;
				SDKROOT = macosx;
			};
			name = Release;
		};
		5D80678723EA89660041EA5E /* Debug */ = {
			isa = XCBuildConfiguration;
			buildSettings = {
				CODE_SIGN_STYLE = Automatic;
				PRODUCT_NAME = "$(TARGET_NAME)";
			};
			name = Debug;
		};
		5D80678823EA89660041EA5E /* Release */ = {
			isa = XCBuildConfiguration;
			buildSettings = {
				CODE_SIGN_STYLE = Automatic;
				PRODUCT_NAME = "$(TARGET_NAME)";
			};
			name = Release;
		};
/* End XCBuildConfiguration section */

/* Begin XCConfigurationList section */
		5D80677A23EA89660041EA5E /* Build configuration list for PBXProject "blakecompiler" */ = {
			isa = XCConfigurationList;
			buildConfigurations = (
				5D80678423EA89660041EA5E /* Debug */,
				5D80678523EA89660041EA5E /* Release */,
			);
			defaultConfigurationIsVisible = 0;
			defaultConfigurationName = Release;
		};
		5D80678623EA89660041EA5E /* Build configuration list for PBXNativeTarget "blakecompiler" */ = {
			isa = XCConfigurationList;
			buildConfigurations = (
				5D80678723EA89660041EA5E /* Debug */,
				5D80678823EA89660041EA5E /* Release */,
			);
			defaultConfigurationIsVisible = 0;
			defaultConfigurationName = Release;
		};
/* End XCConfigurationList section */
	};
	rootObject = 5D80677723EA89660041EA5E /* Project object */;
}
